
Microsoft Visual Studio Solution File, Format Version 12.00
# Visual Studio 15
VisualStudioVersion = 15.0.28307.438
MinimumVisualStudioVersion = 10.0.40219.1
Project("{FAE04EC0-301F-11D3-BF4B-00C04F79EFBC}") = "CoffeeNext", "CoffeeNext\CoffeeNext.csproj", "{9CA7F504-7B08-4913-909F-E8C71C546776}"
EndProject
Global
	GlobalSection(SolutionConfigurationPlatforms) = preSolution
		Debug|Any CPU = Debug|Any CPU
		Release|Any CPU = Release|Any CPU
	EndGlobalSection
	GlobalSection(ProjectConfigurationPlatforms) = postSolution
		{9CA7F504-7B08-4913-909F-E8C71C546776}.Debug|Any CPU.ActiveCfg = Debug|Any CPU
		{9CA7F504-7B08-4913-909F-E8C71C546776}.Debug|Any CPU.Build.0 = Debug|Any CPU
		{9CA7F504-7B08-4913-909F-E8C71C546776}.Release|Any CPU.ActiveCfg = Release|Any CPU
		{9CA7F504-7B08-4913-909F-E8C71C546776}.Release|Any CPU.Build.0 = Release|Any CPU
	EndGlobalSection
	GlobalSection(SolutionProperties) = preSolution
		HideSolutionNode = FALSE
	EndGlobalSection
	GlobalSection(ExtensibilityGlobals) = postSolution
		SolutionGuid = {7D1153F4-213F-4F31-9BCA-A6FE6D31E6EC}
	EndGlobalSection
EndGlobal
